
Microsoft Visual Studio Solution File, Format Version 12.00
# Visual Studio 15
VisualStudioVersion = 15.0.28307.1831
MinimumVisualStudioVersion = 10.0.40219.1
Project("{FAE04EC0-301F-11D3-BF4B-00C04F79EFBC}") = "DynTerm", "DynTerm.csproj", "{4A5AC65F-6A9F-470E-BEB5-AA421BAFD879}"
EndProject
Project("{FAE04EC0-301F-11D3-BF4B-00C04F79EFBC}") = "dynterm_unittest", "..\unittest\dynterm_unittest\dynterm_unittest\dynterm_unittest.csproj", "{BD066049-D1C6-47A6-B539-85E687A06139}"
EndProject
Global
	GlobalSection(SolutionConfigurationPlatforms) = preSolution
		Debug|Any CPU = Debug|Any CPU
		Release|Any CPU = Release|Any CPU
	EndGlobalSection
	GlobalSection(ProjectConfigurationPlatforms) = postSolution
		{4A5AC65F-6A9F-470E-BEB5-AA421BAFD879}.Debug|Any CPU.ActiveCfg = Debug|Any CPU
		{4A5AC65F-6A9F-470E-BEB5-AA421BAFD879}.Debug|Any CPU.Build.0 = Debug|Any CPU
		{4A5AC65F-6A9F-470E-BEB5-AA421BAFD879}.Release|Any CPU.ActiveCfg = Release|Any CPU
		{4A5AC65F-6A9F-470E-BEB5-AA421BAFD879}.Release|Any CPU.Build.0 = Release|Any CPU
		{BD066049-D1C6-47A6-B539-85E687A06139}.Debug|Any CPU.ActiveCfg = Debug|Any CPU
		{BD066049-D1C6-47A6-B539-85E687A06139}.Debug|Any CPU.Build.0 = Debug|Any CPU
		{BD066049-D1C6-47A6-B539-85E687A06139}.Release|Any CPU.ActiveCfg = Release|Any CPU
		{BD066049-D1C6-47A6-B539-85E687A06139}.Release|Any CPU.Build.0 = Release|Any CPU
	EndGlobalSection
	GlobalSection(SolutionProperties) = preSolution
		HideSolutionNode = FALSE
	EndGlobalSection
	GlobalSection(ExtensibilityGlobals) = postSolution
		SolutionGuid = {8EF3041D-977D-4008-8550-1D6FC2E317F4}
	EndGlobalSection
EndGlobal
